
Microsoft Visual Studio Solution File, Format Version 12.00
# Visual Studio Version 16
VisualStudioVersion = 16.0.29613.14
MinimumVisualStudioVersion = 10.0.40219.1
Project("{FAE04EC0-301F-11D3-BF4B-00C04F79EFBC}") = "Take Time BangPhra", "Take Time BangPhra\Take Time BangPhra.csproj", "{F433F6C6-5585-476F-8C50-B9885936DE10}"
EndProject
Global
	GlobalSection(SolutionConfigurationPlatforms) = preSolution
		Debug|Any CPU = Debug|Any CPU
		Debug|x86 = Debug|x86
		Release|Any CPU = Release|Any CPU
		Release|x86 = Release|x86
	EndGlobalSection
	GlobalSection(ProjectConfigurationPlatforms) = postSolution
		{F433F6C6-5585-476F-8C50-B9885936DE10}.Debug|Any CPU.ActiveCfg = Debug|Any CPU
		{F433F6C6-5585-476F-8C50-B9885936DE10}.Debug|Any CPU.Build.0 = Debug|Any CPU
		{F433F6C6-5585-476F-8C50-B9885936DE10}.Debug|x86.ActiveCfg = Debug|Any CPU
		{F433F6C6-5585-476F-8C50-B9885936DE10}.Debug|x86.Build.0 = Debug|Any CPU
		{F433F6C6-5585-476F-8C50-B9885936DE10}.Release|Any CPU.ActiveCfg = Release|Any CPU
		{F433F6C6-5585-476F-8C50-B9885936DE10}.Release|Any CPU.Build.0 = Release|Any CPU
		{F433F6C6-5585-476F-8C50-B9885936DE10}.Release|x86.ActiveCfg = Release|x86
		{F433F6C6-5585-476F-8C50-B9885936DE10}.Release|x86.Build.0 = Release|x86
	EndGlobalSection
	GlobalSection(SolutionProperties) = preSolution
		HideSolutionNode = FALSE
	EndGlobalSection
	GlobalSection(ExtensibilityGlobals) = postSolution
		SolutionGuid = {08BA196E-F6AE-4655-A083-8D984CC26583}
	EndGlobalSection
EndGlobal
